
Microsoft Visual Studio Solution File, Format Version 12.00
# Visual Studio Version 17
VisualStudioVersion = 17.1.32319.34
MinimumVisualStudioVersion = 10.0.40219.1
Project("{9A19103F-16F7-4668-BE54-9A1E7A4F7556}") = "WasmTree", "WasmTree.csproj", "{F9176F96-5C5A-440B-BEFB-4905623CA1B3}"
EndProject
Global
	GlobalSection(SolutionConfigurationPlatforms) = preSolution
		Debug|Any CPU = Debug|Any CPU
		Release|Any CPU = Release|Any CPU
	EndGlobalSection
	GlobalSection(ProjectConfigurationPlatforms) = postSolution
		{F9176F96-5C5A-440B-BEFB-4905623CA1B3}.Debug|Any CPU.ActiveCfg = Debug|Any CPU
		{F9176F96-5C5A-440B-BEFB-4905623CA1B3}.Debug|Any CPU.Build.0 = Debug|Any CPU
		{F9176F96-5C5A-440B-BEFB-4905623CA1B3}.Release|Any CPU.ActiveCfg = Release|Any CPU
		{F9176F96-5C5A-440B-BEFB-4905623CA1B3}.Release|Any CPU.Build.0 = Release|Any CPU
	EndGlobalSection
	GlobalSection(SolutionProperties) = preSolution
		HideSolutionNode = FALSE
	EndGlobalSection
	GlobalSection(ExtensibilityGlobals) = postSolution
		SolutionGuid = {4D3B2C28-AAFA-4594-8805-F0AFFFEA27A0}
	EndGlobalSection
EndGlobal
